
Microsoft Visual Studio Solution File, Format Version 12.00
# Visual Studio Version 17
VisualStudioVersion = 17.3.32901.215
MinimumVisualStudioVersion = 10.0.40219.1
Project("{FAE04EC0-301F-11D3-BF4B-00C04F79EFBC}") = "Formulas", "Formulas\Formulas.csproj", "{728BB0D0-A085-4500-B028-31DAECB6FB4A}"
EndProject
Global
	GlobalSection(SolutionConfigurationPlatforms) = preSolution
		Debug|Any CPU = Debug|Any CPU
		Release|Any CPU = Release|Any CPU
	EndGlobalSection
	GlobalSection(ProjectConfigurationPlatforms) = postSolution
		{728BB0D0-A085-4500-B028-31DAECB6FB4A}.Debug|Any CPU.ActiveCfg = Debug|Any CPU
		{728BB0D0-A085-4500-B028-31DAECB6FB4A}.Debug|Any CPU.Build.0 = Debug|Any CPU
		{728BB0D0-A085-4500-B028-31DAECB6FB4A}.Release|Any CPU.ActiveCfg = Release|Any CPU
		{728BB0D0-A085-4500-B028-31DAECB6FB4A}.Release|Any CPU.Build.0 = Release|Any CPU
	EndGlobalSection
	GlobalSection(SolutionProperties) = preSolution
		HideSolutionNode = FALSE
	EndGlobalSection
	GlobalSection(ExtensibilityGlobals) = postSolution
		SolutionGuid = {1D79BE3D-6024-449E-81A9-D574268D5B4F}
	EndGlobalSection
EndGlobal
